
Microsoft Visual Studio Solution File, Format Version 12.00
# Visual Studio Version 17
VisualStudioVersion = 17.5.33414.496
MinimumVisualStudioVersion = 10.0.40219.1
Project("{9A19103F-16F7-4668-BE54-9A1E7A4F7556}") = "Model", "Model\Model.csproj", "{EB49599E-5BA8-4376-B2CB-3FCF740CE163}"
EndProject
Project("{FAE04EC0-301F-11D3-BF4B-00C04F79EFBC}") = "View", "View\View.csproj", "{A946C6B6-D994-4129-B76D-AE87F6B24402}"
EndProject
Global
	GlobalSection(SolutionConfigurationPlatforms) = preSolution
		Debug|Any CPU = Debug|Any CPU
		Release|Any CPU = Release|Any CPU
	EndGlobalSection
	GlobalSection(ProjectConfigurationPlatforms) = postSolution
		{EB49599E-5BA8-4376-B2CB-3FCF740CE163}.Debug|Any CPU.ActiveCfg = Debug|Any CPU
		{EB49599E-5BA8-4376-B2CB-3FCF740CE163}.Debug|Any CPU.Build.0 = Debug|Any CPU
		{EB49599E-5BA8-4376-B2CB-3FCF740CE163}.Release|Any CPU.ActiveCfg = Release|Any CPU
		{EB49599E-5BA8-4376-B2CB-3FCF740CE163}.Release|Any CPU.Build.0 = Release|Any CPU
		{A946C6B6-D994-4129-B76D-AE87F6B24402}.Debug|Any CPU.ActiveCfg = Debug|Any CPU
		{A946C6B6-D994-4129-B76D-AE87F6B24402}.Debug|Any CPU.Build.0 = Debug|Any CPU
		{A946C6B6-D994-4129-B76D-AE87F6B24402}.Release|Any CPU.ActiveCfg = Release|Any CPU
		{A946C6B6-D994-4129-B76D-AE87F6B24402}.Release|Any CPU.Build.0 = Release|Any CPU
	EndGlobalSection
	GlobalSection(SolutionProperties) = preSolution
		HideSolutionNode = FALSE
	EndGlobalSection
	GlobalSection(ExtensibilityGlobals) = postSolution
		SolutionGuid = {2F5FD557-959F-4C2F-B0B6-6FA85B36D1B2}
	EndGlobalSection
EndGlobal
